
Microsoft Visual Studio Solution File, Format Version 12.00
# Visual Studio Version 16
VisualStudioVersion = 16.0.31515.178
MinimumVisualStudioVersion = 10.0.40219.1
Project("{FAE04EC0-301F-11D3-BF4B-00C04F79EFBC}") = "HeroMonsterClassesChallenges", "HeroMonsterClassesChallenges\HeroMonsterClassesChallenges.csproj", "{975E17EE-E5EF-4E22-84B7-BD47EC069696}"
EndProject
Global
	GlobalSection(SolutionConfigurationPlatforms) = preSolution
		Debug|Any CPU = Debug|Any CPU
		Release|Any CPU = Release|Any CPU
	EndGlobalSection
	GlobalSection(ProjectConfigurationPlatforms) = postSolution
		{975E17EE-E5EF-4E22-84B7-BD47EC069696}.Debug|Any CPU.ActiveCfg = Debug|Any CPU
		{975E17EE-E5EF-4E22-84B7-BD47EC069696}.Debug|Any CPU.Build.0 = Debug|Any CPU
		{975E17EE-E5EF-4E22-84B7-BD47EC069696}.Release|Any CPU.ActiveCfg = Release|Any CPU
		{975E17EE-E5EF-4E22-84B7-BD47EC069696}.Release|Any CPU.Build.0 = Release|Any CPU
	EndGlobalSection
	GlobalSection(SolutionProperties) = preSolution
		HideSolutionNode = FALSE
	EndGlobalSection
	GlobalSection(ExtensibilityGlobals) = postSolution
		SolutionGuid = {C8AC4250-04AD-487B-8A2D-EA4872F7713E}
	EndGlobalSection
EndGlobal
